PODS:
  - boost (1.76.0)
  - CocoaAsyncSocket (7.6.5)
  - DoubleConversion (1.1.6)
  - FBLazyVector (0.71.7)
  - FBReactNativeSpec (0.71.7):
    - RCT-Folly (= 2021.07.22.00)
    - RCTRequired (= 0.71.7)
    - RCTTypeSafety (= 0.71.7)
    - React-Core (= 0.71.7)
    - React-jsi (= 0.71.7)
    - ReactCommon/turbomodule/core (= 0.71.7)
  - Firebase/Analytics (8.15.0):
    - Firebase/Core
  - Firebase/Core (8.15.0):
    - Firebase/CoreOnly
    - FirebaseAnalytics (~> 8.15.0)
  - Firebase/CoreOnly (8.15.0):
    - FirebaseCore (= 8.15.0)
  - Firebase/Crashlytics (8.15.0):
    - Firebase/CoreOnly
    - FirebaseCrashlytics (~> 8.15.0)
  - Firebase/Messaging (8.15.0):
    - Firebase/CoreOnly
    - FirebaseMessaging (~> 8.15.0)
  - FirebaseAnalytics (8.15.0):
    - FirebaseAnalytics/AdIdSupport (= 8.15.0)
    - FirebaseCore (~> 8.0)
    - FirebaseInstallations (~> 8.0)
    - GoogleUtilities/AppDelegateSwizzler (~> 7.7)
    - GoogleUtilities/MethodSwizzler (~> 7.7)
    - GoogleUtilities/Network (~> 7.7)
    - "GoogleUtilities/NSData+zlib (~> 7.7)"
    - nanopb (~> 2.30908.0)
  - FirebaseAnalytics/AdIdSupport (8.15.0):
    - FirebaseCore (~> 8.0)
    - FirebaseInstallations (~> 8.0)
    - GoogleAppMeasurement (= 8.15.0)
    - GoogleUtilities/AppDelegateSwizzler (~> 7.7)
    - GoogleUtilities/MethodSwizzler (~> 7.7)
    - GoogleUtilities/Network (~> 7.7)
    - "GoogleUtilities/NSData+zlib (~> 7.7)"
    - nanopb (~> 2.30908.0)
  - FirebaseCore (8.15.0):
    - FirebaseCoreDiagnostics (~> 8.0)
    - GoogleUtilities/Environment (~> 7.7)
    - GoogleUtilities/Logger (~> 7.7)
  - FirebaseCoreDiagnostics (8.15.0):
    - GoogleDataTransport (~> 9.1)
    - GoogleUtilities/Environment (~> 7.7)
    - GoogleUtilities/Logger (~> 7.7)
    - nanopb (~> 2.30908.0)
  - FirebaseCrashlytics (8.15.0):
    - FirebaseCore (~> 8.0)
    - FirebaseInstallations (~> 8.0)
    - GoogleDataTransport (~> 9.1)
    - GoogleUtilities/Environment (~> 7.7)
    - nanopb (~> 2.30908.0)
    - PromisesObjC (< 3.0, >= 1.2)
  - FirebaseInstallations (8.15.0):
    - FirebaseCore (~> 8.0)
    - GoogleUtilities/Environment (~> 7.7)
    - GoogleUtilities/UserDefaults (~> 7.7)
    - PromisesObjC (< 3.0, >= 1.2)
  - FirebaseMessaging (8.15.0):
    - FirebaseCore (~> 8.0)
    - FirebaseInstallations (~> 8.0)
    - GoogleDataTransport (~> 9.1)
    - GoogleUtilities/AppDelegateSwizzler (~> 7.7)
    - GoogleUtilities/Environment (~> 7.7)
    - GoogleUtilities/Reachability (~> 7.7)
    - GoogleUtilities/UserDefaults (~> 7.7)
    - nanopb (~> 2.30908.0)
  - Flipper (0.125.0):
    - Flipper-Folly (~> 2.6)
    - Flipper-RSocket (~> 1.4)
  - Flipper-Boost-iOSX (1.76.0.1.11)
  - Flipper-DoubleConversion (3.2.0.1)
  - Flipper-Fmt (7.1.7)
  - Flipper-Folly (2.6.10):
    - Flipper-Boost-iOSX
    - Flipper-DoubleConversion
    - Flipper-Fmt (= 7.1.7)
    - Flipper-Glog
    - libevent (~> 2.1.12)
    - OpenSSL-Universal (= 1.1.1100)
  - Flipper-Glog (0.5.0.5)
  - Flipper-PeerTalk (0.0.4)
  - Flipper-RSocket (1.4.3):
    - Flipper-Folly (~> 2.6)
  - FlipperKit (0.125.0):
    - FlipperKit/Core (= 0.125.0)
  - FlipperKit/Core (0.125.0):
    - Flipper (~> 0.125.0)
    - FlipperKit/CppBridge
    - FlipperKit/FBCxxFollyDynamicConvert
    - FlipperKit/FBDefines
    - FlipperKit/FKPortForwarding
    - SocketRocket (~> 0.6.0)
  - FlipperKit/CppBridge (0.125.0):
    - Flipper (~> 0.125.0)
  - FlipperKit/FBCxxFollyDynamicConvert (0.125.0):
    - Flipper-Folly (~> 2.6)
  - FlipperKit/FBDefines (0.125.0)
  - FlipperKit/FKPortForwarding (0.125.0):
    - CocoaAsyncSocket (~> 7.6)
    - Flipper-PeerTalk (~> 0.0.4)
  - FlipperKit/FlipperKitHighlightOverlay (0.125.0)
  - FlipperKit/FlipperKitLayoutHelpers (0.125.0):
    - FlipperKit/Core
    - FlipperKit/FlipperKitHighlightOverlay
    - FlipperKit/FlipperKitLayoutTextSearchable
  - FlipperKit/FlipperKitLayoutIOSDescriptors (0.125.0):
    - FlipperKit/Core
    - FlipperKit/FlipperKitHighlightOverlay
    - FlipperKit/FlipperKitLayoutHelpers
    - YogaKit (~> 1.18)
  - FlipperKit/FlipperKitLayoutPlugin (0.125.0):
    - FlipperKit/Core
    - FlipperKit/FlipperKitHighlightOverlay
    - FlipperKit/FlipperKitLayoutHelpers
    - FlipperKit/FlipperKitLayoutIOSDescriptors
    - FlipperKit/FlipperKitLayoutTextSearchable
    - YogaKit (~> 1.18)
  - FlipperKit/FlipperKitLayoutTextSearchable (0.125.0)
  - FlipperKit/FlipperKitNetworkPlugin (0.125.0):
    - FlipperKit/Core
  - FlipperKit/FlipperKitReactPlugin (0.125.0):
    - FlipperKit/Core
  - FlipperKit/FlipperKitUserDefaultsPlugin (0.125.0):
    - FlipperKit/Core
  - FlipperKit/SKIOSNetworkPlugin (0.125.0):
    - FlipperKit/Core
    - FlipperKit/FlipperKitNetworkPlugin
  - fmt (6.2.1)
  - glog (0.3.5)
  - GoogleAppMeasurement (8.15.0):
    - GoogleAppMeasurement/AdIdSupport (= 8.15.0)
    - GoogleUtilities/AppDelegateSwizzler (~> 7.7)
    - GoogleUtilities/MethodSwizzler (~> 7.7)
    - GoogleUtilities/Network (~> 7.7)
    - "GoogleUtilities/NSData+zlib (~> 7.7)"
    - nanopb (~> 2.30908.0)
  - GoogleAppMeasurement/AdIdSupport (8.15.0):
    - GoogleAppMeasurement/WithoutAdIdSupport (= 8.15.0)
    - GoogleUtilities/AppDelegateSwizzler (~> 7.7)
    - GoogleUtilities/MethodSwizzler (~> 7.7)
    - GoogleUtilities/Network (~> 7.7)
    - "GoogleUtilities/NSData+zlib (~> 7.7)"
    - nanopb (~> 2.30908.0)
  - GoogleAppMeasurement/WithoutAdIdSupport (8.15.0):
    - GoogleUtilities/AppDelegateSwizzler (~> 7.7)
    - GoogleUtilities/MethodSwizzler (~> 7.7)
    - GoogleUtilities/Network (~> 7.7)
    - "GoogleUtilities/NSData+zlib (~> 7.7)"
    - nanopb (~> 2.30908.0)
  - GoogleDataTransport (9.2.3):
    - GoogleUtilities/Environment (~> 7.7)
    - nanopb (< 2.30910.0, >= 2.30908.0)
    - PromisesObjC (< 3.0, >= 1.2)
  - GoogleUtilities/AppDelegateSwizzler (7.11.1):
    - GoogleUtilities/Environment
    - GoogleUtilities/Logger
    - GoogleUtilities/Network
  - GoogleUtilities/Environment (7.11.1):
    - PromisesObjC (< 3.0, >= 1.2)
  - GoogleUtilities/Logger (7.11.1):
    - GoogleUtilities/Environment
  - GoogleUtilities/MethodSwizzler (7.11.1):
    - GoogleUtilities/Logger
  - GoogleUtilities/Network (7.11.1):
    - GoogleUtilities/Logger
    - "GoogleUtilities/NSData+zlib"
    - GoogleUtilities/Reachability
  - "GoogleUtilities/NSData+zlib (7.11.1)"
  - GoogleUtilities/Reachability (7.11.1):
    - GoogleUtilities/Logger
  - GoogleUtilities/UserDefaults (7.11.1):
    - GoogleUtilities/Logger
  - hermes-engine (0.71.7):
    - hermes-engine/Pre-built (= 0.71.7)
  - hermes-engine/Pre-built (0.71.7)
  - InputMask (6.1.0)
  - libevent (2.1.12)
  - nanopb (2.30908.0):
    - nanopb/decode (= 2.30908.0)
    - nanopb/encode (= 2.30908.0)
  - nanopb/decode (2.30908.0)
  - nanopb/encode (2.30908.0)
  - OpenSSL-Universal (1.1.1100)
  - PromisesObjC (2.2.0)
  - PromisesSwift (2.2.0):
    - PromisesObjC (= 2.2.0)
  - RCT-Folly (2021.07.22.00):
    - boost
    - DoubleConversion
    - fmt (~> 6.2.1)
    - glog
    - RCT-Folly/Default (= 2021.07.22.00)
  - RCT-Folly/Default (2021.07.22.00):
    - boost
    - DoubleConversion
    - fmt (~> 6.2.1)
    - glog
  - RCT-Folly/Futures (2021.07.22.00):
    - boost
    - DoubleConversion
    - fmt (~> 6.2.1)
    - glog
    - libevent
  - RCTRequired (0.71.7)
  - RCTTypeSafety (0.71.7):
    - FBLazyVector (= 0.71.7)
    - RCTRequired (= 0.71.7)
    - React-Core (= 0.71.7)
  - React (0.71.7):
    - React-Core (= 0.71.7)
    - React-Core/DevSupport (= 0.71.7)
    - React-Core/RCTWebSocket (= 0.71.7)
    - React-RCTActionSheet (= 0.71.7)
    - React-RCTAnimation (= 0.71.7)
    - React-RCTBlob (= 0.71.7)
    - React-RCTImage (= 0.71.7)
    - React-RCTLinking (= 0.71.7)
    - React-RCTNetwork (= 0.71.7)
    - React-RCTSettings (= 0.71.7)
    - React-RCTText (= 0.71.7)
    - React-RCTVibration (= 0.71.7)
  - React-callinvoker (0.71.7)
  - React-Codegen (0.71.7):
    - FBReactNativeSpec
    - hermes-engine
    - RCT-Folly
    - RCTRequired
    - RCTTypeSafety
    - React-Core
    - React-jsi
    - React-jsiexecutor
    - ReactCommon/turbomodule/bridging
    - ReactCommon/turbomodule/core
  - React-Core (0.71.7):
    - glog
    - hermes-engine
    - RCT-Folly (= 2021.07.22.00)
    - React-Core/Default (= 0.71.7)
    - React-cxxreact (= 0.71.7)
    - React-hermes
    - React-jsi (= 0.71.7)
    - React-jsiexecutor (= 0.71.7)
    - React-perflogger (= 0.71.7)
    - Yoga
  - React-Core/CoreModulesHeaders (0.71.7):
    - glog
    - hermes-engine
    - RCT-Folly (= 2021.07.22.00)
    - React-Core/Default
    - React-cxxreact (= 0.71.7)
    - React-hermes
    - React-jsi (= 0.71.7)
    - React-jsiexecutor (= 0.71.7)
    - React-perflogger (= 0.71.7)
    - Yoga
  - React-Core/Default (0.71.7):
    - glog
    - hermes-engine
    - RCT-Folly (= 2021.07.22.00)
    - React-cxxreact (= 0.71.7)
    - React-hermes
    - React-jsi (= 0.71.7)
    - React-jsiexecutor (= 0.71.7)
    - React-perflogger (= 0.71.7)
    - Yoga
  - React-Core/DevSupport (0.71.7):
    - glog
    - hermes-engine
    - RCT-Folly (= 2021.07.22.00)
    - React-Core/Default (= 0.71.7)
    - React-Core/RCTWebSocket (= 0.71.7)
    - React-cxxreact (= 0.71.7)
    - React-hermes
    - React-jsi (= 0.71.7)
    - React-jsiexecutor (= 0.71.7)
    - React-jsinspector (= 0.71.7)
    - React-perflogger (= 0.71.7)
    - Yoga
  - React-Core/RCTActionSheetHeaders (0.71.7):
    - glog
    - hermes-engine
    - RCT-Folly (= 2021.07.22.00)
    - React-Core/Default
    - React-cxxreact (= 0.71.7)
    - React-hermes
    - React-jsi (= 0.71.7)
    - React-jsiexecutor (= 0.71.7)
    - React-perflogger (= 0.71.7)
    - Yoga
  - React-Core/RCTAnimationHeaders (0.71.7):
    - glog
    - hermes-engine
    - RCT-Folly (= 2021.07.22.00)
    - React-Core/Default
    - React-cxxreact (= 0.71.7)
    - React-hermes
    - React-jsi (= 0.71.7)
    - React-jsiexecutor (= 0.71.7)
    - React-perflogger (= 0.71.7)
    - Yoga
  - React-Core/RCTBlobHeaders (0.71.7):
    - glog
    - hermes-engine
    - RCT-Folly (= 2021.07.22.00)
    - React-Core/Default
    - React-cxxreact (= 0.71.7)
    - React-hermes
    - React-jsi (= 0.71.7)
    - React-jsiexecutor (= 0.71.7)
    - React-perflogger (= 0.71.7)
    - Yoga
  - React-Core/RCTImageHeaders (0.71.7):
    - glog
    - hermes-engine
    - RCT-Folly (= 2021.07.22.00)
    - React-Core/Default
    - React-cxxreact (= 0.71.7)
    - React-hermes
    - React-jsi (= 0.71.7)
    - React-jsiexecutor (= 0.71.7)
    - React-perflogger (= 0.71.7)
    - Yoga
  - React-Core/RCTLinkingHeaders (0.71.7):
    - glog
    - hermes-engine
    - RCT-Folly (= 2021.07.22.00)
    - React-Core/Default
    - React-cxxreact (= 0.71.7)
    - React-hermes
    - React-jsi (= 0.71.7)
    - React-jsiexecutor (= 0.71.7)
    - React-perflogger (= 0.71.7)
    - Yoga
  - React-Core/RCTNetworkHeaders (0.71.7):
    - glog
    - hermes-engine
    - RCT-Folly (= 2021.07.22.00)
    - React-Core/Default
    - React-cxxreact (= 0.71.7)
    - React-hermes
    - React-jsi (= 0.71.7)
    - React-jsiexecutor (= 0.71.7)
    - React-perflogger (= 0.71.7)
    - Yoga
  - React-Core/RCTSettingsHeaders (0.71.7):
    - glog
    - hermes-engine
    - RCT-Folly (= 2021.07.22.00)
    - React-Core/Default
    - React-cxxreact (= 0.71.7)
    - React-hermes
    - React-jsi (= 0.71.7)
    - React-jsiexecutor (= 0.71.7)
    - React-perflogger (= 0.71.7)
    - Yoga
  - React-Core/RCTTextHeaders (0.71.7):
    - glog
    - hermes-engine
    - RCT-Folly (= 2021.07.22.00)
    - React-Core/Default
    - React-cxxreact (= 0.71.7)
    - React-hermes
    - React-jsi (= 0.71.7)
    - React-jsiexecutor (= 0.71.7)
    - React-perflogger (= 0.71.7)
    - Yoga
  - React-Core/RCTVibrationHeaders (0.71.7):
    - glog
    - hermes-engine
    - RCT-Folly (= 2021.07.22.00)
    - React-Core/Default
    - React-cxxreact (= 0.71.7)
    - React-hermes
    - React-jsi (= 0.71.7)
    - React-jsiexecutor (= 0.71.7)
    - React-perflogger (= 0.71.7)
    - Yoga
  - React-Core/RCTWebSocket (0.71.7):
    - glog
    - hermes-engine
    - RCT-Folly (= 2021.07.22.00)
    - React-Core/Default (= 0.71.7)
    - React-cxxreact (= 0.71.7)
    - React-hermes
    - React-jsi (= 0.71.7)
    - React-jsiexecutor (= 0.71.7)
    - React-perflogger (= 0.71.7)
    - Yoga
  - React-CoreModules (0.71.7):
    - RCT-Folly (= 2021.07.22.00)
    - RCTTypeSafety (= 0.71.7)
    - React-Codegen (= 0.71.7)
    - React-Core/CoreModulesHeaders (= 0.71.7)
    - React-jsi (= 0.71.7)
    - React-RCTBlob
    - React-RCTImage (= 0.71.7)
    - ReactCommon/turbomodule/core (= 0.71.7)
  - React-cxxreact (0.71.7):
    - boost (= 1.76.0)
    - DoubleConversion
    - glog
    - hermes-engine
    - RCT-Folly (= 2021.07.22.00)
    - React-callinvoker (= 0.71.7)
    - React-jsi (= 0.71.7)
    - React-jsinspector (= 0.71.7)
    - React-logger (= 0.71.7)
    - React-perflogger (= 0.71.7)
    - React-runtimeexecutor (= 0.71.7)
  - React-hermes (0.71.7):
    - DoubleConversion
    - glog
    - hermes-engine
    - RCT-Folly (= 2021.07.22.00)
    - RCT-Folly/Futures (= 2021.07.22.00)
    - React-cxxreact (= 0.71.7)
    - React-jsi
    - React-jsiexecutor (= 0.71.7)
    - React-jsinspector (= 0.71.7)
    - React-perflogger (= 0.71.7)
  - React-jsi (0.71.7):
    - boost (= 1.76.0)
    - DoubleConversion
    - glog
    - hermes-engine
    - RCT-Folly (= 2021.07.22.00)
  - React-jsiexecutor (0.71.7):
    - DoubleConversion
    - glog
    - hermes-engine
    - RCT-Folly (= 2021.07.22.00)
    - React-cxxreact (= 0.71.7)
    - React-jsi (= 0.71.7)
    - React-perflogger (= 0.71.7)
  - React-jsinspector (0.71.7)
  - React-logger (0.71.7):
    - glog
  - react-native-cookies (6.2.1):
    - React-Core
  - react-native-quick-base64 (2.0.6):
    - React-Core
  - react-native-safe-area-context (4.5.3):
    - RCT-Folly
    - RCTRequired
    - RCTTypeSafety
    - React-Core
    - ReactCommon/turbomodule/core
  - react-native-text-input-mask (3.1.4):
    - InputMask (~> 6.1.0)
    - React-Core
    - React-RCTText
  - react-native-video (6.0.0-alpha.4):
    - React-Core
    - react-native-video/Video (= 6.0.0-alpha.4)
  - react-native-video/Video (6.0.0-alpha.4):
    - PromisesSwift
    - React-Core
  - react-native-webview (12.1.0):
    - React-Core
  - React-perflogger (0.71.7)
  - React-RCTActionSheet (0.71.7):
    - React-Core/RCTActionSheetHeaders (= 0.71.7)
  - React-RCTAnimation (0.71.7):
    - RCT-Folly (= 2021.07.22.00)
    - RCTTypeSafety (= 0.71.7)
    - React-Codegen (= 0.71.7)
    - React-Core/RCTAnimationHeaders (= 0.71.7)
    - React-jsi (= 0.71.7)
    - ReactCommon/turbomodule/core (= 0.71.7)
  - React-RCTAppDelegate (0.71.7):
    - RCT-Folly
    - RCTRequired
    - RCTTypeSafety
    - React-Core
    - ReactCommon/turbomodule/core
  - React-RCTBlob (0.71.7):
    - hermes-engine
    - RCT-Folly (= 2021.07.22.00)
    - React-Codegen (= 0.71.7)
    - React-Core/RCTBlobHeaders (= 0.71.7)
    - React-Core/RCTWebSocket (= 0.71.7)
    - React-jsi (= 0.71.7)
    - React-RCTNetwork (= 0.71.7)
    - ReactCommon/turbomodule/core (= 0.71.7)
  - React-RCTImage (0.71.7):
    - RCT-Folly (= 2021.07.22.00)
    - RCTTypeSafety (= 0.71.7)
    - React-Codegen (= 0.71.7)
    - React-Core/RCTImageHeaders (= 0.71.7)
    - React-jsi (= 0.71.7)
    - React-RCTNetwork (= 0.71.7)
    - ReactCommon/turbomodule/core (= 0.71.7)
  - React-RCTLinking (0.71.7):
    - React-Codegen (= 0.71.7)
    - React-Core/RCTLinkingHeaders (= 0.71.7)
    - React-jsi (= 0.71.7)
    - ReactCommon/turbomodule/core (= 0.71.7)
  - React-RCTNetwork (0.71.7):
    - RCT-Folly (= 2021.07.22.00)
    - RCTTypeSafety (= 0.71.7)
    - React-Codegen (= 0.71.7)
    - React-Core/RCTNetworkHeaders (= 0.71.7)
    - React-jsi (= 0.71.7)
    - ReactCommon/turbomodule/core (= 0.71.7)
  - React-RCTSettings (0.71.7):
    - RCT-Folly (= 2021.07.22.00)
    - RCTTypeSafety (= 0.71.7)
    - React-Codegen (= 0.71.7)
    - React-Core/RCTSettingsHeaders (= 0.71.7)
    - React-jsi (= 0.71.7)
    - ReactCommon/turbomodule/core (= 0.71.7)
  - React-RCTText (0.71.7):
    - React-Core/RCTTextHeaders (= 0.71.7)
  - React-RCTVibration (0.71.7):
    - RCT-Folly (= 2021.07.22.00)
    - React-Codegen (= 0.71.7)
    - React-Core/RCTVibrationHeaders (= 0.71.7)
    - React-jsi (= 0.71.7)
    - ReactCommon/turbomodule/core (= 0.71.7)
  - React-runtimeexecutor (0.71.7):
    - React-jsi (= 0.71.7)
  - ReactCommon/turbomodule/bridging (0.71.7):
    - DoubleConversion
    - glog
    - hermes-engine
    - RCT-Folly (= 2021.07.22.00)
    - React-callinvoker (= 0.71.7)
    - React-Core (= 0.71.7)
    - React-cxxreact (= 0.71.7)
    - React-jsi (= 0.71.7)
    - React-logger (= 0.71.7)
    - React-perflogger (= 0.71.7)
  - ReactCommon/turbomodule/core (0.71.7):
    - DoubleConversion
    - glog
    - hermes-engine
    - RCT-Folly (= 2021.07.22.00)
    - React-callinvoker (= 0.71.7)
    - React-Core (= 0.71.7)
    - React-cxxreact (= 0.71.7)
    - React-jsi (= 0.71.7)
    - React-logger (= 0.71.7)
    - React-perflogger (= 0.71.7)
  - RNCAsyncStorage (1.18.1):
    - React-Core
  - RNCClipboard (1.11.2):
    - React-Core
  - RNCPushNotificationIOS (1.11.0):
    - React-Core
  - RNFBAnalytics (14.11.1):
    - Firebase/Analytics (= 8.15.0)
    - React-Core
    - RNFBApp
  - RNFBApp (14.11.1):
    - Firebase/CoreOnly (= 8.15.0)
    - React-Core
  - RNFBCrashlytics (14.11.1):
    - Firebase/Crashlytics (= 8.15.0)
    - React-Core
    - RNFBApp
  - RNFBMessaging (14.11.1):
    - Firebase/Messaging (= 8.15.0)
    - React-Core
    - RNFBApp
  - RNGestureHandler (2.10.1):
    - React-Core
  - RNLocalize (2.2.6):
    - React-Core
  - RNPermissions (3.8.0):
    - React-Core
  - RNReanimated (3.1.0):
    - DoubleConversion
    - FBLazyVector
    - FBReactNativeSpec
    - glog
    - RCT-Folly
    - RCTRequired
    - RCTTypeSafety
    - React-callinvoker
    - React-Core
    - React-Core/DevSupport
    - React-Core/RCTWebSocket
    - React-CoreModules
    - React-cxxreact
    - React-jsi
    - React-jsiexecutor
    - React-jsinspector
    - React-RCTActionSheet
    - React-RCTAnimation
    - React-RCTBlob
    - React-RCTImage
    - React-RCTLinking
    - React-RCTNetwork
    - React-RCTSettings
    - React-RCTText
    - ReactCommon/turbomodule/core
    - Yoga
  - RNScreens (3.20.0):
    - React-Core
    - React-RCTImage
  - RNVectorIcons (9.2.0):
    - React-Core
  - SocketRocket (0.6.0)
  - Stripe (23.8.0):
    - StripeApplePay (= 23.8.0)
    - StripeCore (= 23.8.0)
    - StripePayments (= 23.8.0)
    - StripePaymentsUI (= 23.8.0)
    - StripeUICore (= 23.8.0)
  - stripe-react-native (0.27.2):
    - React-Core
    - Stripe (~> 23.8.0)
    - StripeApplePay (~> 23.8.0)
    - StripeFinancialConnections (~> 23.8.0)
    - StripePayments (~> 23.8.0)
    - StripePaymentSheet (~> 23.8.0)
    - StripePaymentsUI (~> 23.8.0)
  - StripeApplePay (23.8.0):
    - StripeCore (= 23.8.0)
  - StripeCore (23.8.0)
  - StripeFinancialConnections (23.8.0):
    - StripeCore (= 23.8.0)
    - StripeUICore (= 23.8.0)
  - StripePayments (23.8.0):
    - StripeCore (= 23.8.0)
    - StripePayments/Stripe3DS2 (= 23.8.0)
  - StripePayments/Stripe3DS2 (23.8.0):
    - StripeCore (= 23.8.0)
  - StripePaymentSheet (23.8.0):
    - StripeApplePay (= 23.8.0)
    - StripeCore (= 23.8.0)
    - StripePayments (= 23.8.0)
    - StripePaymentsUI (= 23.8.0)
  - StripePaymentsUI (23.8.0):
    - StripeCore (= 23.8.0)
    - StripePayments (= 23.8.0)
    - StripeUICore (= 23.8.0)
  - StripeUICore (23.8.0):
    - StripeCore (= 23.8.0)
  - Yoga (1.14.0)
  - YogaKit (1.18.1):
    - Yoga (~> 1.14)

DEPENDENCIES:
  - boost (from `../node_modules/react-native/third-party-podspecs/boost.podspec`)
  - DoubleConversion (from `../node_modules/react-native/third-party-podspecs/DoubleConversion.podspec`)
  - FBLazyVector (from `../node_modules/react-native/Libraries/FBLazyVector`)
  - FBReactNativeSpec (from `../node_modules/react-native/React/FBReactNativeSpec`)
  - Flipper (= 0.125.0)
  - Flipper-Boost-iOSX (= 1.76.0.1.11)
  - Flipper-DoubleConversion (= 3.2.0.1)
  - Flipper-Fmt (= 7.1.7)
  - Flipper-Folly (= 2.6.10)
  - Flipper-Glog (= 0.5.0.5)
  - Flipper-PeerTalk (= 0.0.4)
  - Flipper-RSocket (= 1.4.3)
  - FlipperKit (= 0.125.0)
  - FlipperKit/Core (= 0.125.0)
  - FlipperKit/CppBridge (= 0.125.0)
  - FlipperKit/FBCxxFollyDynamicConvert (= 0.125.0)
  - FlipperKit/FBDefines (= 0.125.0)
  - FlipperKit/FKPortForwarding (= 0.125.0)
  - FlipperKit/FlipperKitHighlightOverlay (= 0.125.0)
  - FlipperKit/FlipperKitLayoutPlugin (= 0.125.0)
  - FlipperKit/FlipperKitLayoutTextSearchable (= 0.125.0)
  - FlipperKit/FlipperKitNetworkPlugin (= 0.125.0)
  - FlipperKit/FlipperKitReactPlugin (= 0.125.0)
  - FlipperKit/FlipperKitUserDefaultsPlugin (= 0.125.0)
  - FlipperKit/SKIOSNetworkPlugin (= 0.125.0)
  - glog (from `../node_modules/react-native/third-party-podspecs/glog.podspec`)
  - hermes-engine (from `../node_modules/react-native/sdks/hermes-engine/hermes-engine.podspec`)
  - libevent (~> 2.1.12)
  - OpenSSL-Universal (= 1.1.1100)
  - RCT-Folly (from `../node_modules/react-native/third-party-podspecs/RCT-Folly.podspec`)
  - RCTRequired (from `../node_modules/react-native/Libraries/RCTRequired`)
  - RCTTypeSafety (from `../node_modules/react-native/Libraries/TypeSafety`)
  - React (from `../node_modules/react-native/`)
  - React-callinvoker (from `../node_modules/react-native/ReactCommon/callinvoker`)
  - React-Codegen (from `build/generated/ios`)
  - React-Core (from `../node_modules/react-native/`)
  - React-Core/DevSupport (from `../node_modules/react-native/`)
  - React-Core/RCTWebSocket (from `../node_modules/react-native/`)
  - React-CoreModules (from `../node_modules/react-native/React/CoreModules`)
  - React-cxxreact (from `../node_modules/react-native/ReactCommon/cxxreact`)
  - React-hermes (from `../node_modules/react-native/ReactCommon/hermes`)
  - React-jsi (from `../node_modules/react-native/ReactCommon/jsi`)
  - React-jsiexecutor (from `../node_modules/react-native/ReactCommon/jsiexecutor`)
  - React-jsinspector (from `../node_modules/react-native/ReactCommon/jsinspector`)
  - React-logger (from `../node_modules/react-native/ReactCommon/logger`)
  - "react-native-cookies (from `../node_modules/@react-native-cookies/cookies`)"
  - react-native-quick-base64 (from `../node_modules/react-native-quick-base64`)
  - react-native-safe-area-context (from `../node_modules/react-native-safe-area-context`)
  - react-native-text-input-mask (from `../node_modules/react-native-text-input-mask`)
  - react-native-video (from `../node_modules/react-native-video`)
  - react-native-webview (from `../node_modules/react-native-webview`)
  - React-perflogger (from `../node_modules/react-native/ReactCommon/reactperflogger`)
  - React-RCTActionSheet (from `../node_modules/react-native/Libraries/ActionSheetIOS`)
  - React-RCTAnimation (from `../node_modules/react-native/Libraries/NativeAnimation`)
  - React-RCTAppDelegate (from `../node_modules/react-native/Libraries/AppDelegate`)
  - React-RCTBlob (from `../node_modules/react-native/Libraries/Blob`)
  - React-RCTImage (from `../node_modules/react-native/Libraries/Image`)
  - React-RCTLinking (from `../node_modules/react-native/Libraries/LinkingIOS`)
  - React-RCTNetwork (from `../node_modules/react-native/Libraries/Network`)
  - React-RCTSettings (from `../node_modules/react-native/Libraries/Settings`)
  - React-RCTText (from `../node_modules/react-native/Libraries/Text`)
  - React-RCTVibration (from `../node_modules/react-native/Libraries/Vibration`)
  - React-runtimeexecutor (from `../node_modules/react-native/ReactCommon/runtimeexecutor`)
  - ReactCommon/turbomodule/core (from `../node_modules/react-native/ReactCommon`)
  - "RNCAsyncStorage (from `../node_modules/@react-native-async-storage/async-storage`)"
  - "RNCClipboard (from `../node_modules/@react-native-clipboard/clipboard`)"
  - "RNCPushNotificationIOS (from `../node_modules/@react-native-community/push-notification-ios`)"
  - "RNFBAnalytics (from `../node_modules/@react-native-firebase/analytics`)"
  - "RNFBApp (from `../node_modules/@react-native-firebase/app`)"
  - "RNFBCrashlytics (from `../node_modules/@react-native-firebase/crashlytics`)"
  - "RNFBMessaging (from `../node_modules/@react-native-firebase/messaging`)"
  - RNGestureHandler (from `../node_modules/react-native-gesture-handler`)
  - RNLocalize (from `../node_modules/react-native-localize`)
  - RNPermissions (from `../node_modules/react-native-permissions`)
  - RNReanimated (from `../node_modules/react-native-reanimated`)
  - RNScreens (from `../node_modules/react-native-screens`)
  - RNVectorIcons (from `../node_modules/react-native-vector-icons`)
  - "stripe-react-native (from `../node_modules/@stripe/stripe-react-native`)"
  - Yoga (from `../node_modules/react-native/ReactCommon/yoga`)

SPEC REPOS:
  trunk:
    - CocoaAsyncSocket
    - Firebase
    - FirebaseAnalytics
    - FirebaseCore
    - FirebaseCoreDiagnostics
    - FirebaseCrashlytics
    - FirebaseInstallations
    - FirebaseMessaging
    - Flipper
    - Flipper-Boost-iOSX
    - Flipper-DoubleConversion
    - Flipper-Fmt
    - Flipper-Folly
    - Flipper-Glog
    - Flipper-PeerTalk
    - Flipper-RSocket
    - FlipperKit
    - fmt
    - GoogleAppMeasurement
    - GoogleDataTransport
    - GoogleUtilities
    - InputMask
    - libevent
    - nanopb
    - OpenSSL-Universal
    - PromisesObjC
    - PromisesSwift
    - SocketRocket
    - Stripe
    - StripeApplePay
    - StripeCore
    - StripeFinancialConnections
    - StripePayments
    - StripePaymentSheet
    - StripePaymentsUI
    - StripeUICore
    - YogaKit

EXTERNAL SOURCES:
  boost:
    :podspec: "../node_modules/react-native/third-party-podspecs/boost.podspec"
  DoubleConversion:
    :podspec: "../node_modules/react-native/third-party-podspecs/DoubleConversion.podspec"
  FBLazyVector:
    :path: "../node_modules/react-native/Libraries/FBLazyVector"
  FBReactNativeSpec:
    :path: "../node_modules/react-native/React/FBReactNativeSpec"
  glog:
    :podspec: "../node_modules/react-native/third-party-podspecs/glog.podspec"
  hermes-engine:
    :podspec: "../node_modules/react-native/sdks/hermes-engine/hermes-engine.podspec"
  RCT-Folly:
    :podspec: "../node_modules/react-native/third-party-podspecs/RCT-Folly.podspec"
  RCTRequired:
    :path: "../node_modules/react-native/Libraries/RCTRequired"
  RCTTypeSafety:
    :path: "../node_modules/react-native/Libraries/TypeSafety"
  React:
    :path: "../node_modules/react-native/"
  React-callinvoker:
    :path: "../node_modules/react-native/ReactCommon/callinvoker"
  React-Codegen:
    :path: build/generated/ios
  React-Core:
    :path: "../node_modules/react-native/"
  React-CoreModules:
    :path: "../node_modules/react-native/React/CoreModules"
  React-cxxreact:
    :path: "../node_modules/react-native/ReactCommon/cxxreact"
  React-hermes:
    :path: "../node_modules/react-native/ReactCommon/hermes"
  React-jsi:
    :path: "../node_modules/react-native/ReactCommon/jsi"
  React-jsiexecutor:
    :path: "../node_modules/react-native/ReactCommon/jsiexecutor"
  React-jsinspector:
    :path: "../node_modules/react-native/ReactCommon/jsinspector"
  React-logger:
    :path: "../node_modules/react-native/ReactCommon/logger"
  react-native-cookies:
    :path: "../node_modules/@react-native-cookies/cookies"
  react-native-quick-base64:
    :path: "../node_modules/react-native-quick-base64"
  react-native-safe-area-context:
    :path: "../node_modules/react-native-safe-area-context"
  react-native-text-input-mask:
    :path: "../node_modules/react-native-text-input-mask"
  react-native-video:
    :path: "../node_modules/react-native-video"
  react-native-webview:
    :path: "../node_modules/react-native-webview"
  React-perflogger:
    :path: "../node_modules/react-native/ReactCommon/reactperflogger"
  React-RCTActionSheet:
    :path: "../node_modules/react-native/Libraries/ActionSheetIOS"
  React-RCTAnimation:
    :path: "../node_modules/react-native/Libraries/NativeAnimation"
  React-RCTAppDelegate:
    :path: "../node_modules/react-native/Libraries/AppDelegate"
  React-RCTBlob:
    :path: "../node_modules/react-native/Libraries/Blob"
  React-RCTImage:
    :path: "../node_modules/react-native/Libraries/Image"
  React-RCTLinking:
    :path: "../node_modules/react-native/Libraries/LinkingIOS"
  React-RCTNetwork:
    :path: "../node_modules/react-native/Libraries/Network"
  React-RCTSettings:
    :path: "../node_modules/react-native/Libraries/Settings"
  React-RCTText:
    :path: "../node_modules/react-native/Libraries/Text"
  React-RCTVibration:
    :path: "../node_modules/react-native/Libraries/Vibration"
  React-runtimeexecutor:
    :path: "../node_modules/react-native/ReactCommon/runtimeexecutor"
  ReactCommon:
    :path: "../node_modules/react-native/ReactCommon"
  RNCAsyncStorage:
    :path: "../node_modules/@react-native-async-storage/async-storage"
  RNCClipboard:
    :path: "../node_modules/@react-native-clipboard/clipboard"
  RNCPushNotificationIOS:
    :path: "../node_modules/@react-native-community/push-notification-ios"
  RNFBAnalytics:
    :path: "../node_modules/@react-native-firebase/analytics"
  RNFBApp:
    :path: "../node_modules/@react-native-firebase/app"
  RNFBCrashlytics:
    :path: "../node_modules/@react-native-firebase/crashlytics"
  RNFBMessaging:
    :path: "../node_modules/@react-native-firebase/messaging"
  RNGestureHandler:
    :path: "../node_modules/react-native-gesture-handler"
  RNLocalize:
    :path: "../node_modules/react-native-localize"
  RNPermissions:
    :path: "../node_modules/react-native-permissions"
  RNReanimated:
    :path: "../node_modules/react-native-reanimated"
  RNScreens:
    :path: "../node_modules/react-native-screens"
  RNVectorIcons:
    :path: "../node_modules/react-native-vector-icons"
  stripe-react-native:
    :path: "../node_modules/@stripe/stripe-react-native"
  Yoga:
    :path: "../node_modules/react-native/ReactCommon/yoga"

SPEC CHECKSUMS:
  boost: 57d2868c099736d80fcd648bf211b4431e51a558
  CocoaAsyncSocket: 065fd1e645c7abab64f7a6a2007a48038fdc6a99
  DoubleConversion: 5189b271737e1565bdce30deb4a08d647e3f5f54
  FBLazyVector: a89a0525bc7ca174675045c2b492b5280d5a2470
  FBReactNativeSpec: 7714e6bc1e9ea23df6c4cb42f0b2fd9c6a3a559c
  Firebase: 5f8193dff4b5b7c5d5ef72ae54bb76c08e2b841d
  FirebaseAnalytics: 7761cbadb00a717d8d0939363eb46041526474fa
  FirebaseCore: 5743c5785c074a794d35f2fff7ecc254a91e08b1
  FirebaseCoreDiagnostics: 92e07a649aeb66352b319d43bdd2ee3942af84cb
  FirebaseCrashlytics: feb07e4e9187be3c23c6a846cce4824e5ce2dd0b
  FirebaseInstallations: 40bd9054049b2eae9a2c38ef1c3dd213df3605cd
  FirebaseMessaging: 5e5118a2383b3531e730d974680954c679ca0a13
  Flipper: 26fc4b7382499f1281eb8cb921e5c3ad6de91fe0
  Flipper-Boost-iOSX: fd1e2b8cbef7e662a122412d7ac5f5bea715403c
  Flipper-DoubleConversion: 2dc99b02f658daf147069aad9dbd29d8feb06d30
  Flipper-Fmt: 60cbdd92fc254826e61d669a5d87ef7015396a9b
  Flipper-Folly: 584845625005ff068a6ebf41f857f468decd26b3
  Flipper-Glog: 70c50ce58ddaf67dc35180db05f191692570f446
  Flipper-PeerTalk: 116d8f857dc6ef55c7a5a75ea3ceaafe878aadc9
  Flipper-RSocket: d9d9ade67cbecf6ac10730304bf5607266dd2541
  FlipperKit: cbdee19bdd4e7f05472a66ce290f1b729ba3cb86
  fmt: ff9d55029c625d3757ed641535fd4a75fedc7ce9
  glog: 04b94705f318337d7ead9e6d17c019bd9b1f6b1b
  GoogleAppMeasurement: 4c19f031220c72464d460c9daa1fb5d1acce958e
  GoogleDataTransport: f0308f5905a745f94fb91fea9c6cbaf3831cb1bd
  GoogleUtilities: 9aa0ad5a7bc171f8bae016300bfcfa3fb8425749
  hermes-engine: 4438d2b8bf8bebaba1b1ac0451160bab59e491f8
  InputMask: 71d291dc54d2deaeac6512afb6ec2304228c0bb7
  libevent: 4049cae6c81cdb3654a443be001fb9bdceff7913
  nanopb: a0ba3315591a9ae0a16a309ee504766e90db0c96
  OpenSSL-Universal: ebc357f1e6bc71fa463ccb2fe676756aff50e88c
  PromisesObjC: 09985d6d70fbe7878040aa746d78236e6946d2ef
  PromisesSwift: cf9eb58666a43bbe007302226e510b16c1e10959
  RCT-Folly: 424b8c9a7a0b9ab2886ffe9c3b041ef628fd4fb1
  RCTRequired: 5a4a30ac20c86eeadd6844a9328f78d4168cf9b2
  RCTTypeSafety: 279fc5861a89f0f37db3a585f27f971485b4b734
  React: 88307a9be3bd0e71a6822271cf28b84a587fb97f
  React-callinvoker: 35fb980c454104ebe82f0afb9826830089248e08
  React-Codegen: a8dbde3b7476d5c19437d2adb9e8ea1b426b9595
  React-Core: 385cb6fa78762c6409ff39faeb0dd9ad664b6e84
  React-CoreModules: c2b7db313b04d9b71954ffd55d0c2e46bc40e9fb
  React-cxxreact: 845fefb889132e5d004ff818f7a599e32c52e7d6
  React-hermes: 86135f35e1dd2dfccfb97afe96d0c06f6a3970c4
  React-jsi: 39c116aa6c3d6f3d9874eff6998a670b47882a28
  React-jsiexecutor: eaa5f71eb8f6861cf0e57f1a0f52aeb020d9e18e
  React-jsinspector: 9885f6f94d231b95a739ef7bb50536fb87ce7539
  React-logger: 3f8ebad1be1bf3299d1ab6d7f971802d7395c7ef
  react-native-cookies: f54fcded06bb0cda05c11d86788020b43528a26c
  react-native-quick-base64: 62290829c619fbabca4c41cfec75ae759d08fc1c
  react-native-safe-area-context: b8979f5eda6ed5903d4dbc885be3846ea3daa753
  react-native-text-input-mask: 36a546b378fadd2efe1b7484a859d34bc2c80395
  react-native-video: b2a6434fa0cc7a5381985ca2af8f8c570f110743
  react-native-webview: 13db17f7c7fe8f91c826e9afcc369cbc74507ea0
  React-perflogger: 2d505bbe298e3b7bacdd9e542b15535be07220f6
  React-RCTActionSheet: 0e96e4560bd733c9b37efbf68f5b1a47615892fb
  React-RCTAnimation: fd138e26f120371c87e406745a27535e2c8a04ef
  React-RCTAppDelegate: 4a9fd1230a98dc3d4382f8a934dc9f50834d8335
  React-RCTBlob: 38a7185f06a0ce8153a023e63b406a28d67b955d
  React-RCTImage: 92b0966e7c1cadda889e961c474397ad5180e194
  React-RCTLinking: b80f8d0c6e94c54294b0048def51f57eaa9a27af
  React-RCTNetwork: 491b0c65ac22edbd6695d12d084b4943103b009b
  React-RCTSettings: 97af3e8abe0023349ec015910df3bda1a0380117
  React-RCTText: 33c85753bd714d527d2ae538dc56ec24c6783d84
  React-RCTVibration: 08f132cad9896458776f37c112e71d60aef1c6ae
  React-runtimeexecutor: c5c89f8f543842dd864b63ded1b0bbb9c9445328
  ReactCommon: dbfbe2f7f3c5ce4ce44f43f2fd0d5950d1eb67c5
  RNCAsyncStorage: b90b71f45b8b97be43bc4284e71a6af48ac9f547
  RNCClipboard: 3f0451a8100393908bea5c5c5b16f96d45f30bfc
  RNCPushNotificationIOS: 64218f3c776c03d7408284a819b2abfda1834bc8
  RNFBAnalytics: e332a2d0b4c28884dbeacbe21fe68688abdf34b9
  RNFBApp: 9646e09d041ea159b84584865212e4cf33acd179
  RNFBCrashlytics: f2b5e456c4969bdec60482e83d973d873ff17f1d
  RNFBMessaging: 3e2682ea5e15fe86da24d16d16019395a881f33c
  RNGestureHandler: 42ec7c28dd02d540ed6c9159c57a98ff016492dc
  RNLocalize: d4b8af4e442d4bcca54e68fc687a2129b4d71a81
  RNPermissions: 215c54462104b3925b412b0fb3c9c497b21c358b
  RNReanimated: b1220a0e5168745283ff5d53bfc7d2144b2cee1b
  RNScreens: 218801c16a2782546d30bd2026bb625c0302d70f
  RNVectorIcons: fcc2f6cb32f5735b586e66d14103a74ce6ad61f8
  SocketRocket: fccef3f9c5cedea1353a9ef6ada904fde10d6608
  Stripe: 5432fbab660595a3bee937235dd71a99028ac68c
  stripe-react-native: 1b7d65739538b54d38c4b1e66e28dfa08f5e4963
  StripeApplePay: 5e686f50ee07c439b79b907dffeb144135e601c9
  StripeCore: 91164d69b8593f44df9ee93e56a00355592068b6
  StripeFinancialConnections: b30a494579271f33f38d9a934288c2ad617bfc26
  StripePayments: c19d94c55723894e1f47dadb40a6f1bfa7fac214
  StripePaymentSheet: 1fef5afa050bfd684e84553cba613041a2b3d7b7
  StripePaymentsUI: 7d2fc8fe17c3fdc63508bc54df2b7cc3f45c8ef7
  StripeUICore: 1dc4d2f9afcd908db85190e9091dfe260a1861fe
  Yoga: d56980c8914db0b51692f55533409e844b66133c
  YogaKit: f782866e155069a2cca2517aafea43200b01fd5a

PODFILE CHECKSUM: 3e781e1c91c7ec4bf406f41b07366e5cbd4eb33c

COCOAPODS: 1.12.1
